
Microsoft Visual Studio Solution File, Format Version 12.00
# Visual Studio Version 17
VisualStudioVersion = 17.11.35303.130
MinimumVisualStudioVersion = 10.0.40219.1
Project("{FAE04EC0-301F-11D3-BF4B-00C04F79EFBC}") = "Project1", "Project1\Project1.csproj", "{44DF3429-2345-4E86-AB5E-A97D4C6F63BC}"
EndProject
Global
	GlobalSection(SolutionConfigurationPlatforms) = preSolution
		Debug|Any CPU = Debug|Any CPU
		Release|Any CPU = Release|Any CPU
	EndGlobalSection
	GlobalSection(ProjectConfigurationPlatforms) = postSolution
		{44DF3429-2345-4E86-AB5E-A97D4C6F63BC}.Debug|Any CPU.ActiveCfg = Debug|Any CPU
		{44DF3429-2345-4E86-AB5E-A97D4C6F63BC}.Debug|Any CPU.Build.0 = Debug|Any CPU
		{44DF3429-2345-4E86-AB5E-A97D4C6F63BC}.Release|Any CPU.ActiveCfg = Release|Any CPU
		{44DF3429-2345-4E86-AB5E-A97D4C6F63BC}.Release|Any CPU.Build.0 = Release|Any CPU
	EndGlobalSection
	GlobalSection(SolutionProperties) = preSolution
		HideSolutionNode = FALSE
	EndGlobalSection
	GlobalSection(ExtensibilityGlobals) = postSolution
		SolutionGuid = {929335A4-D864-4A09-B5CC-341C602CB437}
	EndGlobalSection
EndGlobal
